
Microsoft Visual Studio Solution File, Format Version 12.00
# Visual Studio Version 17
VisualStudioVersion = 17.11.35222.181
MinimumVisualStudioVersion = 10.0.40219.1
Project("{FAE04EC0-301F-11D3-BF4B-00C04F79EFBC}") = "ECommerceApp", "ECommerceApp\ECommerceApp.csproj", "{F09D6D0D-B327-49EF-8ADF-B69A6A9CAA7B}"
EndProject
Global
	GlobalSection(SolutionConfigurationPlatforms) = preSolution
		Debug|Any CPU = Debug|Any CPU
		Release|Any CPU = Release|Any CPU
	EndGlobalSection
	GlobalSection(ProjectConfigurationPlatforms) = postSolution
		{F09D6D0D-B327-49EF-8ADF-B69A6A9CAA7B}.Debug|Any CPU.ActiveCfg = Debug|Any CPU
		{F09D6D0D-B327-49EF-8ADF-B69A6A9CAA7B}.Debug|Any CPU.Build.0 = Debug|Any CPU
		{F09D6D0D-B327-49EF-8ADF-B69A6A9CAA7B}.Release|Any CPU.ActiveCfg = Release|Any CPU
		{F09D6D0D-B327-49EF-8ADF-B69A6A9CAA7B}.Release|Any CPU.Build.0 = Release|Any CPU
	EndGlobalSection
	GlobalSection(SolutionProperties) = preSolution
		HideSolutionNode = FALSE
	EndGlobalSection
	GlobalSection(ExtensibilityGlobals) = postSolution
		SolutionGuid = {266EF1C3-A488-40AF-95DD-AD32E54E8795}
	EndGlobalSection
EndGlobal
